// !$*UTF8*$!
{
	archiveVersion = 1;
	classes = {
	};
	objectVersion = 51;
	objects = {

/* Begin PBXBuildFile section */
		3570696F6B379B179FB25A53 /* Pods_HBO_HBOUITests.framework in Frameworks */ = {isa = PBXBuildFile; fileRef = F394FC3E4414C2622280A49E /* Pods_HBO_HBOUITests.framework */; };
		692CCF244F7241320303B2B8 /* Pods_HBOTests.framework in Frameworks */ = {isa = PBXBuildFile; fileRef = 522EC29665DEB66601CCE421 /* Pods_HBOTests.framework */; };
		9914A52C23CCD12600095C51 /* AppDelegate.swift in Sources */ = {isa = PBXBuildFile; fileRef = 9914A52B23CCD12600095C51 /* AppDelegate.swift */; };
		9914A52E23CCD12600095C51 /* ViewController.swift in Sources */ = {isa = PBXBuildFile; fileRef = 9914A52D23CCD12600095C51 /* ViewController.swift */; };
		9914A53123CCD12600095C51 /* Main.storyboard in Resources */ = {isa = PBXBuildFile; fileRef = 9914A52F23CCD12600095C51 /* Main.storyboard */; };
		9914A53323CCD12800095C51 /* Assets.xcassets in Resources */ = {isa = PBXBuildFile; fileRef = 9914A53223CCD12800095C51 /* Assets.xcassets */; };
		9914A53623CCD12800095C51 /* LaunchScreen.storyboard in Resources */ = {isa = PBXBuildFile; fileRef = 9914A53423CCD12800095C51 /* LaunchScreen.storyboard */; };
		9914A54123CCD12800095C51 /* HBOTests.swift in Sources */ = {isa = PBXBuildFile; fileRef = 9914A54023CCD12800095C51 /* HBOTests.swift */; };
		9914A54C23CCD12800095C51 /* HBOUITests.swift in Sources */ = {isa = PBXBuildFile; fileRef = 9914A54B23CCD12800095C51 /* HBOUITests.swift */; };
		9914A55C23CCD3D900095C51 /* RegistrationViewController.swift in Sources */ = {isa = PBXBuildFile; fileRef = 9914A55923CCD3D900095C51 /* RegistrationViewController.swift */; };
		9914A55D23CCD3D900095C51 /* Extrensions.swift in Sources */ = {isa = PBXBuildFile; fileRef = 9914A55A23CCD3D900095C51 /* Extrensions.swift */; };
		9914A55E23CCD3D900095C51 /* LoginViewController.swift in Sources */ = {isa = PBXBuildFile; fileRef = 9914A55B23CCD3D900095C51 /* LoginViewController.swift */; };
		9931737D23D35A2B0098B88D /* ImagePicker.swift in Sources */ = {isa = PBXBuildFile; fileRef = 9931737C23D35A2B0098B88D /* ImagePicker.swift */; };
		9931737F23D35DCF0098B88D /* AddMovieViewController.swift in Sources */ = {isa = PBXBuildFile; fileRef = 9931737E23D35DCF0098B88D /* AddMovieViewController.swift */; };
		9949583C23D4AD3D00E5B26F /* UserAuthentication.storyboard in Resources */ = {isa = PBXBuildFile; fileRef = 9949583B23D4AD3D00E5B26F /* UserAuthentication.storyboard */; };
		994A9D7423D1E203004E4B37 /* GoogleService-Info.plist in Resources */ = {isa = PBXBuildFile; fileRef = 994A9D7323D1E202004E4B37 /* GoogleService-Info.plist */; };
		994A9D7A23D1E86A004E4B37 /* RootViewController.swift in Sources */ = {isa = PBXBuildFile; fileRef = 994A9D7923D1E86A004E4B37 /* RootViewController.swift */; };
		998DE30B23D08E1B001D8A90 /* CheckBox.swift in Sources */ = {isa = PBXBuildFile; fileRef = 998DE30A23D08E1B001D8A90 /* CheckBox.swift */; };
		CBBD7822E74BE98A37CDE965 /* Pods_HBO.framework in Frameworks */ = {isa = PBXBuildFile; fileRef = 591CFB5E06469E6F34AEB93A /* Pods_HBO.framework */; };
/* End PBXBuildFile section */

/* Begin PBXContainerItemProxy section */
		9914A53D23CCD12800095C51 /* PBXContainerItemProxy */ = {
			isa = PBXContainerItemProxy;
			containerPortal = 9914A52023CCD12600095C51 /* Project object */;
			proxyType = 1;
			remoteGlobalIDString = 9914A52723CCD12600095C51;
			remoteInfo = HBO;
		};
		9914A54823CCD12800095C51 /* PBXContainerItemProxy */ = {
			isa = PBXContainerItemProxy;
			containerPortal = 9914A52023CCD12600095C51 /* Project object */;
			proxyType = 1;
			remoteGlobalIDString = 9914A52723CCD12600095C51;
			remoteInfo = HBO;
		};
/* End PBXContainerItemProxy section */

/* Begin PBXFileReference section */
		1150693E2F9095523B91CED7 /* Pods-HBOTests.debug.xcconfig */ = {isa = PBXFileReference; includeInIndex = 1; lastKnownFileType = text.xcconfig; name = "Pods-HBOTests.debug.xcconfig"; path = "Target Support Files/Pods-HBOTests/Pods-HBOTests.debug.xcconfig"; sourceTree = "<group>"; };
		2FF171D065F052028A787898 /* Pods-HBO-HBOUITests.release.xcconfig */ = {isa = PBXFileReference; includeInIndex = 1; lastKnownFileType = text.xcconfig; name = "Pods-HBO-HBOUITests.release.xcconfig"; path = "Target Support Files/Pods-HBO-HBOUITests/Pods-HBO-HBOUITests.release.xcconfig"; sourceTree = "<group>"; };
		522EC29665DEB66601CCE421 /* Pods_HBOTests.framework */ = {isa = PBXFileReference; explicitFileType = wrapper.framework; includeInIndex = 0; path = Pods_HBOTests.framework; sourceTree = BUILT_PRODUCTS_DIR; };
		5442D21BBF1DE82E7E62F9F5 /* Pods-HBO-HBOUITests.debug.xcconfig */ = {isa = PBXFileReference; includeInIndex = 1; lastKnownFileType = text.xcconfig; name = "Pods-HBO-HBOUITests.debug.xcconfig"; path = "Target Support Files/Pods-HBO-HBOUITests/Pods-HBO-HBOUITests.debug.xcconfig"; sourceTree = "<group>"; };
		591CFB5E06469E6F34AEB93A /* Pods_HBO.framework */ = {isa = PBXFileReference; explicitFileType = wrapper.framework; includeInIndex = 0; path = Pods_HBO.framework; sourceTree = BUILT_PRODUCTS_DIR; };
		7763BAEB7943179C56970553 /* Pods-HBO.debug.xcconfig */ = {isa = PBXFileReference; includeInIndex = 1; lastKnownFileType = text.xcconfig; name = "Pods-HBO.debug.xcconfig"; path = "Target Support Files/Pods-HBO/Pods-HBO.debug.xcconfig"; sourceTree = "<group>"; };
		9235072259369B8C769DB8C0 /* Pods-HBOTests.release.xcconfig */ = {isa = PBXFileReference; includeInIndex = 1; lastKnownFileType = text.xcconfig; name = "Pods-HBOTests.release.xcconfig"; path = "Target Support Files/Pods-HBOTests/Pods-HBOTests.release.xcconfig"; sourceTree = "<group>"; };
		9914A52823CCD12600095C51 /* HBO.app */ = {isa = PBXFileReference; explicitFileType = wrapper.application; includeInIndex = 0; path = HBO.app; sourceTree = BUILT_PRODUCTS_DIR; };
		9914A52B23CCD12600095C51 /* AppDelegate.swift */ = {isa = PBXFileReference; lastKnownFileType = sourcecode.swift; path = AppDelegate.swift; sourceTree = "<group>"; };
		9914A52D23CCD12600095C51 /* ViewController.swift */ = {isa = PBXFileReference; lastKnownFileType = sourcecode.swift; path = ViewController.swift; sourceTree = "<group>"; };
		9914A53023CCD12600095C51 /* Base */ = {isa = PBXFileReference; lastKnownFileType = file.storyboard; name = Base; path = Base.lproj/Main.storyboard; sourceTree = "<group>"; };
		9914A53223CCD12800095C51 /* Assets.xcassets */ = {isa = PBXFileReference; lastKnownFileType = folder.assetcatalog; path = Assets.xcassets; sourceTree = "<group>"; };
		9914A53523CCD12800095C51 /* Base */ = {isa = PBXFileReference; lastKnownFileType = file.storyboard; name = Base; path = Base.lproj/LaunchScreen.storyboard; sourceTree = "<group>"; };
		9914A53723CCD12800095C51 /* Info.plist */ = {isa = PBXFileReference; lastKnownFileType = text.plist.xml; path = Info.plist; sourceTree = "<group>"; };
		9914A53C23CCD12800095C51 /* HBOTests.xctest */ = {isa = PBXFileReference; explicitFileType = wrapper.cfbundle; includeInIndex = 0; path = HBOTests.xctest; sourceTree = BUILT_PRODUCTS_DIR; };
		9914A54023CCD12800095C51 /* HBOTests.swift */ = {isa = PBXFileReference; lastKnownFileType = sourcecode.swift; path = HBOTests.swift; sourceTree = "<group>"; };
		9914A54223CCD12800095C51 /* Info.plist */ = {isa = PBXFileReference; lastKnownFileType = text.plist.xml; path = Info.plist; sourceTree = "<group>"; };
		9914A54723CCD12800095C51 /* HBOUITests.xctest */ = {isa = PBXFileReference; explicitFileType = wrapper.cfbundle; includeInIndex = 0; path = HBOUITests.xctest; sourceTree = BUILT_PRODUCTS_DIR; };
		9914A54B23CCD12800095C51 /* HBOUITests.swift */ = {isa = PBXFileReference; lastKnownFileType = sourcecode.swift; path = HBOUITests.swift; sourceTree = "<group>"; };
		9914A54D23CCD12800095C51 /* Info.plist */ = {isa = PBXFileReference; lastKnownFileType = text.plist.xml; path = Info.plist; sourceTree = "<group>"; };
		9914A55923CCD3D900095C51 /* RegistrationViewController.swift */ = {isa = PBXFileReference; fileEncoding = 4; lastKnownFileType = sourcecode.swift; path = RegistrationViewController.swift; sourceTree = "<group>"; };
		9914A55A23CCD3D900095C51 /* Extrensions.swift */ = {isa = PBXFileReference; fileEncoding = 4; lastKnownFileType = sourcecode.swift; path = Extrensions.swift; sourceTree = "<group>"; };
		9914A55B23CCD3D900095C51 /* LoginViewController.swift */ = {isa = PBXFileReference; fileEncoding = 4; lastKnownFileType = sourcecode.swift; path = LoginViewController.swift; sourceTree = "<group>"; };
		9931737C23D35A2B0098B88D /* ImagePicker.swift */ = {isa = PBXFileReference; lastKnownFileType = sourcecode.swift; path = ImagePicker.swift; sourceTree = "<group>"; };
		9931737E23D35DCF0098B88D /* AddMovieViewController.swift */ = {isa = PBXFileReference; lastKnownFileType = sourcecode.swift; path = AddMovieViewController.swift; sourceTree = "<group>"; };
		9949583B23D4AD3D00E5B26F /* UserAuthentication.storyboard */ = {isa = PBXFileReference; lastKnownFileType = file.storyboard; path = UserAuthentication.storyboard; sourceTree = "<group>"; };
		994A9D7323D1E202004E4B37 /* GoogleService-Info.plist */ = {isa = PBXFileReference; fileEncoding = 4; lastKnownFileType = text.plist.xml; path = "GoogleService-Info.plist"; sourceTree = "<group>"; };
		994A9D7923D1E86A004E4B37 /* RootViewController.swift */ = {isa = PBXFileReference; lastKnownFileType = sourcecode.swift; path = RootViewController.swift; sourceTree = "<group>"; };
		998DE30A23D08E1B001D8A90 /* CheckBox.swift */ = {isa = PBXFileReference; lastKnownFileType = sourcecode.swift; path = CheckBox.swift; sourceTree = "<group>"; };
		B8670E2AC1DB5896F063690E /* Pods-HBO.release.xcconfig */ = {isa = PBXFileReference; includeInIndex = 1; lastKnownFileType = text.xcconfig; name = "Pods-HBO.release.xcconfig"; path = "Target Support Files/Pods-HBO/Pods-HBO.release.xcconfig"; sourceTree = "<group>"; };
		F394FC3E4414C2622280A49E /* Pods_HBO_HBOUITests.framework */ = {isa = PBXFileReference; explicitFileType = wrapper.framework; includeInIndex = 0; path = Pods_HBO_HBOUITests.framework; sourceTree = BUILT_PRODUCTS_DIR; };
/* End PBXFileReference section */

/* Begin PBXFrameworksBuildPhase section */
		9914A52523CCD12600095C51 /* Frameworks */ = {
			isa = PBXFrameworksBuildPhase;
			buildActionMask = 2147483647;
			files = (
				CBBD7822E74BE98A37CDE965 /* Pods_HBO.framework in Frameworks */,
			);
			runOnlyForDeploymentPostprocessing = 0;
		};
		9914A53923CCD12800095C51 /* Frameworks */ = {
			isa = PBXFrameworksBuildPhase;
			buildActionMask = 2147483647;
			files = (
				692CCF244F7241320303B2B8 /* Pods_HBOTests.framework in Frameworks */,
			);
			runOnlyForDeploymentPostprocessing = 0;
		};
		9914A54423CCD12800095C51 /* Frameworks */ = {
			isa = PBXFrameworksBuildPhase;
			buildActionMask = 2147483647;
			files = (
				3570696F6B379B179FB25A53 /* Pods_HBO_HBOUITests.framework in Frameworks */,
			);
			runOnlyForDeploymentPostprocessing = 0;
		};
/* End PBXFrameworksBuildPhase section */

/* Begin PBXGroup section */
		0342B75718558F8A7DA72C2C /* Frameworks */ = {
			isa = PBXGroup;
			children = (
				591CFB5E06469E6F34AEB93A /* Pods_HBO.framework */,
				F394FC3E4414C2622280A49E /* Pods_HBO_HBOUITests.framework */,
				522EC29665DEB66601CCE421 /* Pods_HBOTests.framework */,
			);
			name = Frameworks;
			sourceTree = "<group>";
		};
		134BBDEB4D82B7501EB99CE2 /* Pods */ = {
			isa = PBXGroup;
			children = (
				7763BAEB7943179C56970553 /* Pods-HBO.debug.xcconfig */,
				B8670E2AC1DB5896F063690E /* Pods-HBO.release.xcconfig */,
				5442D21BBF1DE82E7E62F9F5 /* Pods-HBO-HBOUITests.debug.xcconfig */,
				2FF171D065F052028A787898 /* Pods-HBO-HBOUITests.release.xcconfig */,
				1150693E2F9095523B91CED7 /* Pods-HBOTests.debug.xcconfig */,
				9235072259369B8C769DB8C0 /* Pods-HBOTests.release.xcconfig */,
			);
			path = Pods;
			sourceTree = "<group>";
		};
		9914A51F23CCD12600095C51 = {
			isa = PBXGroup;
			children = (
				9914A52A23CCD12600095C51 /* HBO */,
				9914A53F23CCD12800095C51 /* HBOTests */,
				9914A54A23CCD12800095C51 /* HBOUITests */,
				9914A52923CCD12600095C51 /* Products */,
				134BBDEB4D82B7501EB99CE2 /* Pods */,
				0342B75718558F8A7DA72C2C /* Frameworks */,
			);
			sourceTree = "<group>";
		};
		9914A52923CCD12600095C51 /* Products */ = {
			isa = PBXGroup;
			children = (
				9914A52823CCD12600095C51 /* HBO.app */,
				9914A53C23CCD12800095C51 /* HBOTests.xctest */,
				9914A54723CCD12800095C51 /* HBOUITests.xctest */,
			);
			name = Products;
			sourceTree = "<group>";
		};
		9914A52A23CCD12600095C51 /* HBO */ = {
			isa = PBXGroup;
			children = (
				994A9D7323D1E202004E4B37 /* GoogleService-Info.plist */,
				9914A52B23CCD12600095C51 /* AppDelegate.swift */,
				9914A53223CCD12800095C51 /* Assets.xcassets */,
				9914A53723CCD12800095C51 /* Info.plist */,
				9931737923D33D1A0098B88D /* PartialViews */,
				9931737B23D33DD20098B88D /* PartialViewControllers */,
				994A9D7723D1E48E004E4B37 /* Storyboards */,
				994A9D7823D1E4C1004E4B37 /* VIewControllers */,
				994A9D7623D1E411004E4B37 /* CustomUIControls */,
				994A9D7523D1E3E8004E4B37 /* Extensions */,
			);
			path = HBO;
			sourceTree = "<group>";
		};
		9914A53F23CCD12800095C51 /* HBOTests */ = {
			isa = PBXGroup;
			children = (
				9914A54023CCD12800095C51 /* HBOTests.swift */,
				9914A54223CCD12800095C51 /* Info.plist */,
			);
			path = HBOTests;
			sourceTree = "<group>";
		};
		9914A54A23CCD12800095C51 /* HBOUITests */ = {
			isa = PBXGroup;
			children = (
				9914A54B23CCD12800095C51 /* HBOUITests.swift */,
				9914A54D23CCD12800095C51 /* Info.plist */,
			);
			path = HBOUITests;
			sourceTree = "<group>";
		};
		9931737923D33D1A0098B88D /* PartialViews */ = {
			isa = PBXGroup;
			children = (
			);
			path = PartialViews;
			sourceTree = "<group>";
		};
		9931737B23D33DD20098B88D /* PartialViewControllers */ = {
			isa = PBXGroup;
			children = (
			);
			path = PartialViewControllers;
			sourceTree = "<group>";
		};
		994A9D7523D1E3E8004E4B37 /* Extensions */ = {
			isa = PBXGroup;
			children = (
				9914A55A23CCD3D900095C51 /* Extrensions.swift */,
			);
			path = Extensions;
			sourceTree = "<group>";
		};
		994A9D7623D1E411004E4B37 /* CustomUIControls */ = {
			isa = PBXGroup;
			children = (
				998DE30A23D08E1B001D8A90 /* CheckBox.swift */,
				9931737C23D35A2B0098B88D /* ImagePicker.swift */,
			);
			path = CustomUIControls;
			sourceTree = "<group>";
		};
		994A9D7723D1E48E004E4B37 /* Storyboards */ = {
			isa = PBXGroup;
			children = (
				9914A53423CCD12800095C51 /* LaunchScreen.storyboard */,
				9914A52F23CCD12600095C51 /* Main.storyboard */,
				9949583B23D4AD3D00E5B26F /* UserAuthentication.storyboard */,
			);
			path = Storyboards;
			sourceTree = "<group>";
		};
		994A9D7823D1E4C1004E4B37 /* VIewControllers */ = {
			isa = PBXGroup;
			children = (
				9914A52D23CCD12600095C51 /* ViewController.swift */,
				9914A55B23CCD3D900095C51 /* LoginViewController.swift */,
				9914A55923CCD3D900095C51 /* RegistrationViewController.swift */,
				994A9D7923D1E86A004E4B37 /* RootViewController.swift */,
				9931737E23D35DCF0098B88D /* AddMovieViewController.swift */,
			);
			path = VIewControllers;
			sourceTree = "<group>";
		};
/* End PBXGroup section */

/* Begin PBXNativeTarget section */
		9914A52723CCD12600095C51 /* HBO */ = {
			isa = PBXNativeTarget;
			buildConfigurationList = 9914A55023CCD12800095C51 /* Build configuration list for PBXNativeTarget "HBO" */;
			buildPhases = (
				59F9C937441142675A9C2510 /* [CP] Check Pods Manifest.lock */,
				9914A52423CCD12600095C51 /* Sources */,
				9914A52523CCD12600095C51 /* Frameworks */,
				9914A52623CCD12600095C51 /* Resources */,
				5EA1AB906742E43AAA41413D /* [CP] Embed Pods Frameworks */,
			);
			buildRules = (
			);
			dependencies = (
			);
			name = HBO;
			productName = HBO;
			productReference = 9914A52823CCD12600095C51 /* HBO.app */;
			productType = "com.apple.product-type.application";
		};
		9914A53B23CCD12800095C51 /* HBOTests */ = {
			isa = PBXNativeTarget;
			buildConfigurationList = 9914A55323CCD12800095C51 /* Build configuration list for PBXNativeTarget "HBOTests" */;
			buildPhases = (
				2E52AD37D3F501B31700E3DE /* [CP] Check Pods Manifest.lock */,
				9914A53823CCD12800095C51 /* Sources */,
				9914A53923CCD12800095C51 /* Frameworks */,
				9914A53A23CCD12800095C51 /* Resources */,
			);
			buildRules = (
			);
			dependencies = (
				9914A53E23CCD12800095C51 /* PBXTargetDependency */,
			);
			name = HBOTests;
			productName = HBOTests;
			productReference = 9914A53C23CCD12800095C51 /* HBOTests.xctest */;
			productType = "com.apple.product-type.bundle.unit-test";
		};
		9914A54623CCD12800095C51 /* HBOUITests */ = {
			isa = PBXNativeTarget;
			buildConfigurationList = 9914A55623CCD12800095C51 /* Build configuration list for PBXNativeTarget "HBOUITests" */;
			buildPhases = (
				3BF46861038AA09A4C82BFC3 /* [CP] Check Pods Manifest.lock */,
				9914A54323CCD12800095C51 /* Sources */,
				9914A54423CCD12800095C51 /* Frameworks */,
				9914A54523CCD12800095C51 /* Resources */,
				6E1B348EF3A2FC2E5617F0DF /* [CP] Embed Pods Frameworks */,
			);
			buildRules = (
			);
			dependencies = (
				9914A54923CCD12800095C51 /* PBXTargetDependency */,
			);
			name = HBOUITests;
			productName = HBOUITests;
			productReference = 9914A54723CCD12800095C51 /* HBOUITests.xctest */;
			productType = "com.apple.product-type.bundle.ui-testing";
		};
/* End PBXNativeTarget section */

/* Begin PBXProject section */
		9914A52023CCD12600095C51 /* Project object */ = {
			isa = PBXProject;
			attributes = {
				LastSwiftUpdateCheck = 1030;
				LastUpgradeCheck = 1030;
				ORGANIZATIONNAME = Suneth;
				TargetAttributes = {
					9914A52723CCD12600095C51 = {
						CreatedOnToolsVersion = 10.3;
					};
					9914A53B23CCD12800095C51 = {
						CreatedOnToolsVersion = 10.3;
						TestTargetID = 9914A52723CCD12600095C51;
					};
					9914A54623CCD12800095C51 = {
						CreatedOnToolsVersion = 10.3;
						TestTargetID = 9914A52723CCD12600095C51;
					};
				};
			};
			buildConfigurationList = 9914A52323CCD12600095C51 /* Build configuration list for PBXProject "HBO" */;
			compatibilityVersion = "Xcode 9.3";
			developmentRegion = en;
			hasScannedForEncodings = 0;
			knownRegions = (
				en,
				Base,
			);
			mainGroup = 9914A51F23CCD12600095C51;
			productRefGroup = 9914A52923CCD12600095C51 /* Products */;
			projectDirPath = "";
			projectRoot = "";
			targets = (
				9914A52723CCD12600095C51 /* HBO */,
				9914A53B23CCD12800095C51 /* HBOTests */,
				9914A54623CCD12800095C51 /* HBOUITests */,
			);
		};
/* End PBXProject section */

/* Begin PBXResourcesBuildPhase section */
		9914A52623CCD12600095C51 /* Resources */ = {
			isa = PBXResourcesBuildPhase;
			buildActionMask = 2147483647;
			files = (
				9949583C23D4AD3D00E5B26F /* UserAuthentication.storyboard in Resources */,
				9914A53623CCD12800095C51 /* LaunchScreen.storyboard in Resources */,
				994A9D7423D1E203004E4B37 /* GoogleService-Info.plist in Resources */,
				9914A53323CCD12800095C51 /* Assets.xcassets in Resources */,
				9914A53123CCD12600095C51 /* Main.storyboard in Resources */,
			);
			runOnlyForDeploymentPostprocessing = 0;
		};
		9914A53A23CCD12800095C51 /* Resources */ = {
			isa = PBXResourcesBuildPhase;
			buildActionMask = 2147483647;
			files = (
			);
			runOnlyForDeploymentPostprocessing = 0;
		};
		9914A54523CCD12800095C51 /* Resources */ = {
			isa = PBXResourcesBuildPhase;
			buildActionMask = 2147483647;
			files = (
			);
			runOnlyForDeploymentPostprocessing = 0;
		};
/* End PBXResourcesBuildPhase section */

/* Begin PBXShellScriptBuildPhase section */
		2E52AD37D3F501B31700E3DE /* [CP] Check Pods Manifest.lock */ = {
			isa = PBXShellScriptBuildPhase;
			buildActionMask = 2147483647;
			files = (
			);
			inputFileListPaths = (
			);
			inputPaths = (
				"${PODS_PODFILE_DIR_PATH}/Podfile.lock",
				"${PODS_ROOT}/Manifest.lock",
			);
			name = "[CP] Check Pods Manifest.lock";
			outputFileListPaths = (
			);
			outputPaths = (
				"$(DERIVED_FILE_DIR)/Pods-HBOTests-checkManifestLockResult.txt",
			);
			runOnlyForDeploymentPostprocessing = 0;
			shellPath = /bin/sh;
			shellScript = "diff \"${PODS_PODFILE_DIR_PATH}/Podfile.lock\" \"${PODS_ROOT}/Manifest.lock\" > /dev/null\nif [ $? != 0 ] ; then\n    # print error to STDERR\n    echo \"error: The sandbox is not in sync with the Podfile.lock. Run 'pod install' or update your CocoaPods installation.\" >&2\n    exit 1\nfi\n# This output is used by Xcode 'outputs' to avoid re-running this script phase.\necho \"SUCCESS\" > \"${SCRIPT_OUTPUT_FILE_0}\"\n";
			showEnvVarsInLog = 0;
		};
		3BF46861038AA09A4C82BFC3 /* [CP] Check Pods Manifest.lock */ = {
			isa = PBXShellScriptBuildPhase;
			buildActionMask = 2147483647;
			files = (
			);
			inputFileListPaths = (
			);
			inputPaths = (
				"${PODS_PODFILE_DIR_PATH}/Podfile.lock",
				"${PODS_ROOT}/Manifest.lock",
			);
			name = "[CP] Check Pods Manifest.lock";
			outputFileListPaths = (
			);
			outputPaths = (
				"$(DERIVED_FILE_DIR)/Pods-HBO-HBOUITests-checkManifestLockResult.txt",
			);
			runOnlyForDeploymentPostprocessing = 0;
			shellPath = /bin/sh;
			shellScript = "diff \"${PODS_PODFILE_DIR_PATH}/Podfile.lock\" \"${PODS_ROOT}/Manifest.lock\" > /dev/null\nif [ $? != 0 ] ; then\n    # print error to STDERR\n    echo \"error: The sandbox is not in sync with the Podfile.lock. Run 'pod install' or update your CocoaPods installation.\" >&2\n    exit 1\nfi\n# This output is used by Xcode 'outputs' to avoid re-running this script phase.\necho \"SUCCESS\" > \"${SCRIPT_OUTPUT_FILE_0}\"\n";
			showEnvVarsInLog = 0;
		};
		59F9C937441142675A9C2510 /* [CP] Check Pods Manifest.lock */ = {
			isa = PBXShellScriptBuildPhase;
			buildActionMask = 2147483647;
			files = (
			);
			inputFileListPaths = (
			);
			inputPaths = (
				"${PODS_PODFILE_DIR_PATH}/Podfile.lock",
				"${PODS_ROOT}/Manifest.lock",
			);
			name = "[CP] Check Pods Manifest.lock";
			outputFileListPaths = (
			);
			outputPaths = (
				"$(DERIVED_FILE_DIR)/Pods-HBO-checkManifestLockResult.txt",
			);
			runOnlyForDeploymentPostprocessing = 0;
			shellPath = /bin/sh;
			shellScript = "diff \"${PODS_PODFILE_DIR_PATH}/Podfile.lock\" \"${PODS_ROOT}/Manifest.lock\" > /dev/null\nif [ $? != 0 ] ; then\n    # print error to STDERR\n    echo \"error: The sandbox is not in sync with the Podfile.lock. Run 'pod install' or update your CocoaPods installation.\" >&2\n    exit 1\nfi\n# This output is used by Xcode 'outputs' to avoid re-running this script phase.\necho \"SUCCESS\" > \"${SCRIPT_OUTPUT_FILE_0}\"\n";
			showEnvVarsInLog = 0;
		};
		5EA1AB906742E43AAA41413D /* [CP] Embed Pods Frameworks */ = {
			isa = PBXShellScriptBuildPhase;
			buildActionMask = 2147483647;
			files = (
			);
			inputFileListPaths = (
				"${PODS_ROOT}/Target Support Files/Pods-HBO/Pods-HBO-frameworks-${CONFIGURATION}-input-files.xcfilelist",
			);
			name = "[CP] Embed Pods Frameworks";
			outputFileListPaths = (
				"${PODS_ROOT}/Target Support Files/Pods-HBO/Pods-HBO-frameworks-${CONFIGURATION}-output-files.xcfilelist",
			);
			runOnlyForDeploymentPostprocessing = 0;
			shellPath = /bin/sh;
			shellScript = "\"${PODS_ROOT}/Target Support Files/Pods-HBO/Pods-HBO-frameworks.sh\"\n";
			showEnvVarsInLog = 0;
		};
		6E1B348EF3A2FC2E5617F0DF /* [CP] Embed Pods Frameworks */ = {
			isa = PBXShellScriptBuildPhase;
			buildActionMask = 2147483647;
			files = (
			);
			inputFileListPaths = (
				"${PODS_ROOT}/Target Support Files/Pods-HBO-HBOUITests/Pods-HBO-HBOUITests-frameworks-${CONFIGURATION}-input-files.xcfilelist",
			);
			name = "[CP] Embed Pods Frameworks";
			outputFileListPaths = (
				"${PODS_ROOT}/Target Support Files/Pods-HBO-HBOUITests/Pods-HBO-HBOUITests-frameworks-${CONFIGURATION}-output-files.xcfilelist",
			);
			runOnlyForDeploymentPostprocessing = 0;
			shellPath = /bin/sh;
			shellScript = "\"${PODS_ROOT}/Target Support Files/Pods-HBO-HBOUITests/Pods-HBO-HBOUITests-frameworks.sh\"\n";
			showEnvVarsInLog = 0;
		};
/* End PBXShellScriptBuildPhase section */

/* Begin PBXSourcesBuildPhase section */
		9914A52423CCD12600095C51 /* Sources */ = {
			isa = PBXSourcesBuildPhase;
			buildActionMask = 2147483647;
			files = (
				9914A55C23CCD3D900095C51 /* RegistrationViewController.swift in Sources */,
				9914A52E23CCD12600095C51 /* ViewController.swift in Sources */,
				9931737F23D35DCF0098B88D /* AddMovieViewController.swift in Sources */,
				998DE30B23D08E1B001D8A90 /* CheckBox.swift in Sources */,
				994A9D7A23D1E86A004E4B37 /* RootViewController.swift in Sources */,
				9914A55D23CCD3D900095C51 /* Extrensions.swift in Sources */,
				9931737D23D35A2B0098B88D /* ImagePicker.swift in Sources */,
				9914A55E23CCD3D900095C51 /* LoginViewController.swift in Sources */,
				9914A52C23CCD12600095C51 /* AppDelegate.swift in Sources */,
			);
			runOnlyForDeploymentPostprocessing = 0;
		};
		9914A53823CCD12800095C51 /* Sources */ = {
			isa = PBXSourcesBuildPhase;
			buildActionMask = 2147483647;
			files = (
				9914A54123CCD12800095C51 /* HBOTests.swift in Sources */,
			);
			runOnlyForDeploymentPostprocessing = 0;
		};
		9914A54323CCD12800095C51 /* Sources */ = {
			isa = PBXSourcesBuildPhase;
			buildActionMask = 2147483647;
			files = (
				9914A54C23CCD12800095C51 /* HBOUITests.swift in Sources */,
			);
			runOnlyForDeploymentPostprocessing = 0;
		};
/* End PBXSourcesBuildPhase section */

/* Begin PBXTargetDependency section */
		9914A53E23CCD12800095C51 /* PBXTargetDependency */ = {
			isa = PBXTargetDependency;
			target = 9914A52723CCD12600095C51 /* HBO */;
			targetProxy = 9914A53D23CCD12800095C51 /* PBXContainerItemProxy */;
		};
		9914A54923CCD12800095C51 /* PBXTargetDependency */ = {
			isa = PBXTargetDependency;
			target = 9914A52723CCD12600095C51 /* HBO */;
			targetProxy = 9914A54823CCD12800095C51 /* PBXContainerItemProxy */;
		};
/* End PBXTargetDependency section */

/* Begin PBXVariantGroup section */
		9914A52F23CCD12600095C51 /* Main.storyboard */ = {
			isa = PBXVariantGroup;
			children = (
				9914A53023CCD12600095C51 /* Base */,
			);
			name = Main.storyboard;
			sourceTree = "<group>";
		};
		9914A53423CCD12800095C51 /* LaunchScreen.storyboard */ = {
			isa = PBXVariantGroup;
			children = (
				9914A53523CCD12800095C51 /* Base */,
			);
			name = LaunchScreen.storyboard;
			sourceTree = "<group>";
		};
/* End PBXVariantGroup section */

/* Begin XCBuildConfiguration section */
		9914A54E23CCD12800095C51 /* Debug */ = {
			isa = XCBuildConfiguration;
			buildSettings = {
				ALWAYS_SEARCH_USER_PATHS = NO;
				CLANG_ANALYZER_NONNULL = YES;
				CLANG_ANALYZER_NUMBER_OBJECT_CONVERSION = YES_AGGRESSIVE;
				CLANG_CXX_LANGUAGE_STANDARD = "gnu++14";
				CLANG_CXX_LIBRARY = "libc++";
				CLANG_ENABLE_MODULES = YES;
				CLANG_ENABLE_OBJC_ARC = YES;
				CLANG_ENABLE_OBJC_WEAK = YES;
				CLANG_WARN_BLOCK_CAPTURE_AUTORELEASING = YES;
				CLANG_WARN_BOOL_CONVERSION = YES;
				CLANG_WARN_COMMA = YES;
				CLANG_WARN_CONSTANT_CONVERSION = YES;
				CLANG_WARN_DEPRECATED_OBJC_IMPLEMENTATIONS = YES;
				CLANG_WARN_DIRECT_OBJC_ISA_USAGE = YES_ERROR;
				CLANG_WARN_DOCUMENTATION_COMMENTS = YES;
				CLANG_WARN_EMPTY_BODY = YES;
				CLANG_WARN_ENUM_CONVERSION = YES;
				CLANG_WARN_INFINITE_RECURSION = YES;
				CLANG_WARN_INT_CONVERSION = YES;
				CLANG_WARN_NON_LITERAL_NULL_CONVERSION = YES;
				CLANG_WARN_OBJC_IMPLICIT_RETAIN_SELF = YES;
				CLANG_WARN_OBJC_LITERAL_CONVERSION = YES;
				CLANG_WARN_OBJC_ROOT_CLASS = YES_ERROR;
				CLANG_WARN_RANGE_LOOP_ANALYSIS = YES;
				CLANG_WARN_STRICT_PROTOTYPES = YES;
				CLANG_WARN_SUSPICIOUS_MOVE = YES;
				CLANG_WARN_UNGUARDED_AVAILABILITY = YES_AGGRESSIVE;
				CLANG_WARN_UNREACHABLE_CODE = YES;
				CLANG_WARN__DUPLICATE_METHOD_MATCH = YES;
				CODE_SIGN_IDENTITY = "iPhone Developer";
				COPY_PHASE_STRIP = NO;
				DEBUG_INFORMATION_FORMAT = dwarf;
				ENABLE_STRICT_OBJC_MSGSEND = YES;
				ENABLE_TESTABILITY = YES;
				GCC_C_LANGUAGE_STANDARD = gnu11;
				GCC_DYNAMIC_NO_PIC = NO;
				GCC_NO_COMMON_BLOCKS = YES;
				GCC_OPTIMIZATION_LEVEL = 0;
				GCC_PREPROCESSOR_DEFINITIONS = (
					"DEBUG=1",
					"$(inherited)",
				);
				GCC_WARN_64_TO_32_BIT_CONVERSION = YES;
				GCC_WARN_ABOUT_RETURN_TYPE = YES_ERROR;
				GCC_WARN_UNDECLARED_SELECTOR = YES;
				GCC_WARN_UNINITIALIZED_AUTOS = YES_AGGRESSIVE;
				GCC_WARN_UNUSED_FUNCTION = YES;
				GCC_WARN_UNUSED_VARIABLE = YES;
				IPHONEOS_DEPLOYMENT_TARGET = 12.4;
				MTL_ENABLE_DEBUG_INFO = INCLUDE_SOURCE;
				MTL_FAST_MATH = YES;
				ONLY_ACTIVE_ARCH = YES;
				SDKROOT = iphoneos;
				SWIFT_ACTIVE_COMPILATION_CONDITIONS = DEBUG;
				SWIFT_OPTIMIZATION_LEVEL = "-Onone";
			};
			name = Debug;
		};
		9914A54F23CCD12800095C51 /* Release */ = {
			isa = XCBuildConfiguration;
			buildSettings = {
				ALWAYS_SEARCH_USER_PATHS = NO;
				CLANG_ANALYZER_NONNULL = YES;
				CLANG_ANALYZER_NUMBER_OBJECT_CONVERSION = YES_AGGRESSIVE;
				CLANG_CXX_LANGUAGE_STANDARD = "gnu++14";
				CLANG_CXX_LIBRARY = "libc++";
				CLANG_ENABLE_MODULES = YES;
				CLANG_ENABLE_OBJC_ARC = YES;
				CLANG_ENABLE_OBJC_WEAK = YES;
				CLANG_WARN_BLOCK_CAPTURE_AUTORELEASING = YES;
				CLANG_WARN_BOOL_CONVERSION = YES;
				CLANG_WARN_COMMA = YES;
				CLANG_WARN_CONSTANT_CONVERSION = YES;
				CLANG_WARN_DEPRECATED_OBJC_IMPLEMENTATIONS = YES;
				CLANG_WARN_DIRECT_OBJC_ISA_USAGE = YES_ERROR;
				CLANG_WARN_DOCUMENTATION_COMMENTS = YES;
				CLANG_WARN_EMPTY_BODY = YES;
				CLANG_WARN_ENUM_CONVERSION = YES;
				CLANG_WARN_INFINITE_RECURSION = YES;
				CLANG_WARN_INT_CONVERSION = YES;
				CLANG_WARN_NON_LITERAL_NULL_CONVERSION = YES;
				CLANG_WARN_OBJC_IMPLICIT_RETAIN_SELF = YES;
				CLANG_WARN_OBJC_LITERAL_CONVERSION = YES;
				CLANG_WARN_OBJC_ROOT_CLASS = YES_ERROR;
				CLANG_WARN_RANGE_LOOP_ANALYSIS = YES;
				CLANG_WARN_STRICT_PROTOTYPES = YES;
				CLANG_WARN_SUSPICIOUS_MOVE = YES;
				CLANG_WARN_UNGUARDED_AVAILABILITY = YES_AGGRESSIVE;
				CLANG_WARN_UNREACHABLE_CODE = YES;
				CLANG_WARN__DUPLICATE_METHOD_MATCH = YES;
				CODE_SIGN_IDENTITY = "iPhone Developer";
				COPY_PHASE_STRIP = NO;
				DEBUG_INFORMATION_FORMAT = "dwarf-with-dsym";
				ENABLE_NS_ASSERTIONS = NO;
				ENABLE_STRICT_OBJC_MSGSEND = YES;
				GCC_C_LANGUAGE_STANDARD = gnu11;
				GCC_NO_COMMON_BLOCKS = YES;
				GCC_WARN_64_TO_32_BIT_CONVERSION = YES;
				GCC_WARN_ABOUT_RETURN_TYPE = YES_ERROR;
				GCC_WARN_UNDECLARED_SELECTOR = YES;
				GCC_WARN_UNINITIALIZED_AUTOS = YES_AGGRESSIVE;
				GCC_WARN_UNUSED_FUNCTION = YES;
				GCC_WARN_UNUSED_VARIABLE = YES;
				IPHONEOS_DEPLOYMENT_TARGET = 12.4;
				MTL_ENABLE_DEBUG_INFO = NO;
				MTL_FAST_MATH = YES;
				SDKROOT = iphoneos;
				SWIFT_COMPILATION_MODE = wholemodule;
				SWIFT_OPTIMIZATION_LEVEL = "-O";
				VALIDATE_PRODUCT = YES;
			};
			name = Release;
		};
		9914A55123CCD12800095C51 /* Debug */ = {
			isa = XCBuildConfiguration;
			baseConfigurationReference = 7763BAEB7943179C56970553 /* Pods-HBO.debug.xcconfig */;
			buildSettings = {
				ASSETCATALOG_COMPILER_APPICON_NAME = AppIcon;
				CODE_SIGN_STYLE = Automatic;
				INFOPLIST_FILE = HBO/Info.plist;
				LD_RUNPATH_SEARCH_PATHS = (
					"$(inherited)",
					"@executable_path/Frameworks",
				);
				PRODUCT_BUNDLE_IDENTIFIER = com.nibm.HBO;
				PRODUCT_NAME = "$(TARGET_NAME)";
				SWIFT_VERSION = 5.0;
				TARGETED_DEVICE_FAMILY = "1,2";
			};
			name = Debug;
		};
		9914A55223CCD12800095C51 /* Release */ = {
			isa = XCBuildConfiguration;
			baseConfigurationReference = B8670E2AC1DB5896F063690E /* Pods-HBO.release.xcconfig */;
			buildSettings = {
				ASSETCATALOG_COMPILER_APPICON_NAME = AppIcon;
				CODE_SIGN_STYLE = Automatic;
				INFOPLIST_FILE = HBO/Info.plist;
				LD_RUNPATH_SEARCH_PATHS = (
					"$(inherited)",
					"@executable_path/Frameworks",
				);
				PRODUCT_BUNDLE_IDENTIFIER = com.nibm.HBO;
				PRODUCT_NAME = "$(TARGET_NAME)";
				SWIFT_VERSION = 5.0;
				TARGETED_DEVICE_FAMILY = "1,2";
			};
			name = Release;
		};
		9914A55423CCD12800095C51 /* Debug */ = {
			isa = XCBuildConfiguration;
			baseConfigurationReference = 1150693E2F9095523B91CED7 /* Pods-HBOTests.debug.xcconfig */;
			buildSettings = {
				ALWAYS_EMBED_SWIFT_STANDARD_LIBRARIES = YES;
				BUNDLE_LOADER = "$(TEST_HOST)";
				CODE_SIGN_STYLE = Automatic;
				INFOPLIST_FILE = HBOTests/Info.plist;
				LD_RUNPATH_SEARCH_PATHS = (
					"$(inherited)",
					"@executable_path/Frameworks",
					"@loader_path/Frameworks",
				);
				PRODUCT_BUNDLE_IDENTIFIER = com.nibm.HBOTests;
				PRODUCT_NAME = "$(TARGET_NAME)";
				SWIFT_VERSION = 5.0;
				TARGETED_DEVICE_FAMILY = "1,2";
				TEST_HOST = "$(BUILT_PRODUCTS_DIR)/HBO.app/HBO";
			};
			name = Debug;
		};
		9914A55523CCD12800095C51 /* Release */ = {
			isa = XCBuildConfiguration;
			baseConfigurationReference = 9235072259369B8C769DB8C0 /* Pods-HBOTests.release.xcconfig */;
			buildSettings = {
				ALWAYS_EMBED_SWIFT_STANDARD_LIBRARIES = YES;
				BUNDLE_LOADER = "$(TEST_HOST)";
				CODE_SIGN_STYLE = Automatic;
				INFOPLIST_FILE = HBOTests/Info.plist;
				LD_RUNPATH_SEARCH_PATHS = (
					"$(inherited)",
					"@executable_path/Frameworks",
					"@loader_path/Frameworks",
				);
				PRODUCT_BUNDLE_IDENTIFIER = com.nibm.HBOTests;
				PRODUCT_NAME = "$(TARGET_NAME)";
				SWIFT_VERSION = 5.0;
				TARGETED_DEVICE_FAMILY = "1,2";
				TEST_HOST = "$(BUILT_PRODUCTS_DIR)/HBO.app/HBO";
			};
			name = Release;
		};
		9914A55723CCD12800095C51 /* Debug */ = {
			isa = XCBuildConfiguration;
			baseConfigurationReference = 5442D21BBF1DE82E7E62F9F5 /* Pods-HBO-HBOUITests.debug.xcconfig */;
			buildSettings = {
				ALWAYS_EMBED_SWIFT_STANDARD_LIBRARIES = YES;
				CODE_SIGN_STYLE = Automatic;
				INFOPLIST_FILE = HBOUITests/Info.plist;
				LD_RUNPATH_SEARCH_PATHS = (
					"$(inherited)",
					"@executable_path/Frameworks",
					"@loader_path/Frameworks",
				);
				PRODUCT_BUNDLE_IDENTIFIER = com.nibm.HBOUITests;
				PRODUCT_NAME = "$(TARGET_NAME)";
				SWIFT_VERSION = 5.0;
				TARGETED_DEVICE_FAMILY = "1,2";
				TEST_TARGET_NAME = HBO;
			};
			name = Debug;
		};
		9914A55823CCD12800095C51 /* Release */ = {
			isa = XCBuildConfiguration;
			baseConfigurationReference = 2FF171D065F052028A787898 /* Pods-HBO-HBOUITests.release.xcconfig */;
			buildSettings = {
				ALWAYS_EMBED_SWIFT_STANDARD_LIBRARIES = YES;
				CODE_SIGN_STYLE = Automatic;
				INFOPLIST_FILE = HBOUITests/Info.plist;
				LD_RUNPATH_SEARCH_PATHS = (
					"$(inherited)",
					"@executable_path/Frameworks",
					"@loader_path/Frameworks",
				);
				PRODUCT_BUNDLE_IDENTIFIER = com.nibm.HBOUITests;
				PRODUCT_NAME = "$(TARGET_NAME)";
				SWIFT_VERSION = 5.0;
				TARGETED_DEVICE_FAMILY = "1,2";
				TEST_TARGET_NAME = HBO;
			};
			name = Release;
		};
/* End XCBuildConfiguration section */

/* Begin XCConfigurationList section */
		9914A52323CCD12600095C51 /* Build configuration list for PBXProject "HBO" */ = {
			isa = XCConfigurationList;
			buildConfigurations = (
				9914A54E23CCD12800095C51 /* Debug */,
				9914A54F23CCD12800095C51 /* Release */,
			);
			defaultConfigurationIsVisible = 0;
			defaultConfigurationName = Release;
		};
		9914A55023CCD12800095C51 /* Build configuration list for PBXNativeTarget "HBO" */ = {
			isa = XCConfigurationList;
			buildConfigurations = (
				9914A55123CCD12800095C51 /* Debug */,
				9914A55223CCD12800095C51 /* Release */,
			);
			defaultConfigurationIsVisible = 0;
			defaultConfigurationName = Release;
		};
		9914A55323CCD12800095C51 /* Build configuration list for PBXNativeTarget "HBOTests" */ = {
			isa = XCConfigurationList;
			buildConfigurations = (
				9914A55423CCD12800095C51 /* Debug */,
				9914A55523CCD12800095C51 /* Release */,
			);
			defaultConfigurationIsVisible = 0;
			defaultConfigurationName = Release;
		};
		9914A55623CCD12800095C51 /* Build configuration list for PBXNativeTarget "HBOUITests" */ = {
			isa = XCConfigurationList;
			buildConfigurations = (
				9914A55723CCD12800095C51 /* Debug */,
				9914A55823CCD12800095C51 /* Release */,
			);
			defaultConfigurationIsVisible = 0;
			defaultConfigurationName = Release;
		};
/* End XCConfigurationList section */
	};
	rootObject = 9914A52023CCD12600095C51 /* Project object */;
}
